
Microsoft Visual Studio Solution File, Format Version 12.00
# Visual Studio Version 17
VisualStudioVersion = 17.4.33110.190
MinimumVisualStudioVersion = 10.0.40219.1
Project("{9A19103F-16F7-4668-BE54-9A1E7A4F7556}") = "NTChallengeBackendWebApi", "NTChallengeBackendWebApi\NTChallengeBackendWebApi.csproj", "{8CA8C55B-9BBD-4668-99E7-C74C16C99534}"
EndProject
Project("{FAE04EC0-301F-11D3-BF4B-00C04F79EFBC}") = "NTChallengeTestProject", "NTChallengeTestProject\NTChallengeTestProject.csproj", "{FCD0BDE0-1133-40D9-B272-9785A4740C43}"
EndProject
Global
	GlobalSection(SolutionConfigurationPlatforms) = preSolution
		Debug|Any CPU = Debug|Any CPU
		Release|Any CPU = Release|Any CPU
	EndGlobalSection
	GlobalSection(ProjectConfigurationPlatforms) = postSolution
		{8CA8C55B-9BBD-4668-99E7-C74C16C99534}.Debug|Any CPU.ActiveCfg = Debug|Any CPU
		{8CA8C55B-9BBD-4668-99E7-C74C16C99534}.Debug|Any CPU.Build.0 = Debug|Any CPU
		{8CA8C55B-9BBD-4668-99E7-C74C16C99534}.Release|Any CPU.ActiveCfg = Release|Any CPU
		{8CA8C55B-9BBD-4668-99E7-C74C16C99534}.Release|Any CPU.Build.0 = Release|Any CPU
		{FCD0BDE0-1133-40D9-B272-9785A4740C43}.Debug|Any CPU.ActiveCfg = Debug|Any CPU
		{FCD0BDE0-1133-40D9-B272-9785A4740C43}.Debug|Any CPU.Build.0 = Debug|Any CPU
		{FCD0BDE0-1133-40D9-B272-9785A4740C43}.Release|Any CPU.ActiveCfg = Release|Any CPU
		{FCD0BDE0-1133-40D9-B272-9785A4740C43}.Release|Any CPU.Build.0 = Release|Any CPU
	EndGlobalSection
	GlobalSection(SolutionProperties) = preSolution
		HideSolutionNode = FALSE
	EndGlobalSection
	GlobalSection(ExtensibilityGlobals) = postSolution
		SolutionGuid = {F9679BC1-BFE5-46D9-B85A-CEBAD0F45F01}
	EndGlobalSection
EndGlobal
